
Microsoft Visual Studio Solution File, Format Version 12.00
# Visual Studio 14
VisualStudioVersion = 14.0.25420.1
MinimumVisualStudioVersion = 10.0.40219.1
Project("{FAE04EC0-301F-11D3-BF4B-00C04F79EFBC}") = "Demo1", "Demo1\Demo1.csproj", "{DB7C2F17-27ED-4C54-96D5-676FB99E8F3F}"
EndProject
Project("{FAE04EC0-301F-11D3-BF4B-00C04F79EFBC}") = "Demo2", "Demo2\Demo2.csproj", "{3CE2DB44-2D6F-436E-BB5F-B92D5F84A70F}"
EndProject
Project("{FAE04EC0-301F-11D3-BF4B-00C04F79EFBC}") = "Demo3", "Demo3\Demo3.csproj", "{A449F2B0-95E1-4F53-B286-1658038F07CF}"
EndProject
Project("{FAE04EC0-301F-11D3-BF4B-00C04F79EFBC}") = "Demo4", "Demo4\Demo4.csproj", "{B32567F0-1A52-4D41-BB51-8248370F9025}"
EndProject
Project("{FAE04EC0-301F-11D3-BF4B-00C04F79EFBC}") = "Demo5", "Demo5\Demo5.csproj", "{D5C86555-EBD0-419A-9A56-5C45C10572DB}"
EndProject
Project("{FAE04EC0-301F-11D3-BF4B-00C04F79EFBC}") = "Demo6", "Demo6\Demo6.csproj", "{EF0A7DB1-211F-4BC2-8C48-3E475D4828FD}"
EndProject
Project("{FAE04EC0-301F-11D3-BF4B-00C04F79EFBC}") = "Demo7", "Demo7\Demo7.csproj", "{CFBC222A-6178-4880-B4C8-B37D3A628EBD}"
EndProject
Project("{FAE04EC0-301F-11D3-BF4B-00C04F79EFBC}") = "Demo8", "Demo8\Demo8.csproj", "{AB144262-7618-4836-B145-D981A1B28F74}"
EndProject
Project("{FAE04EC0-301F-11D3-BF4B-00C04F79EFBC}") = "SolDemo3_1", "SolDemo3_1\SolDemo3_1.csproj", "{112FDE0F-1F9F-4DF0-9141-EEDC793756D1}"
EndProject
Project("{FAE04EC0-301F-11D3-BF4B-00C04F79EFBC}") = "SolDemo3_2", "SolDemo3_2\SolDemo3_2.csproj", "{5D9F196D-364B-4541-B1E8-55BA6D0E6F11}"
EndProject
Project("{FAE04EC0-301F-11D3-BF4B-00C04F79EFBC}") = "SolDemo3_3", "SolDemo3_3\SolDemo3_3.csproj", "{0F2032F0-783A-4D1F-B955-E1DEB095A11B}"
EndProject
Project("{FAE04EC0-301F-11D3-BF4B-00C04F79EFBC}") = "SolDemo3_4", "SolDemo3_4\SolDemo3_4.csproj", "{AF791536-046A-42A3-BCC8-DEEAE7C55789}"
EndProject
Project("{FAE04EC0-301F-11D3-BF4B-00C04F79EFBC}") = "Demo9", "Demo9\Demo9.csproj", "{FD00F07A-71DC-459D-A9B3-F6FD7343E566}"
EndProject
Project("{FAE04EC0-301F-11D3-BF4B-00C04F79EFBC}") = "Demo10", "Demo10\Demo10.csproj", "{DAB14ED6-9B00-4AC9-BF9E-D6D8D9027B09}"
EndProject
Project("{FAE04EC0-301F-11D3-BF4B-00C04F79EFBC}") = "Demo11", "Demo11\Demo11.csproj", "{6F52AE5D-9537-415E-9CFD-10240C5AAFEB}"
EndProject
Global
	GlobalSection(SolutionConfigurationPlatforms) = preSolution
		Debug|Any CPU = Debug|Any CPU
		Release|Any CPU = Release|Any CPU
	EndGlobalSection
	GlobalSection(ProjectConfigurationPlatforms) = postSolution
		{DB7C2F17-27ED-4C54-96D5-676FB99E8F3F}.Debug|Any CPU.ActiveCfg = Debug|Any CPU
		{DB7C2F17-27ED-4C54-96D5-676FB99E8F3F}.Debug|Any CPU.Build.0 = Debug|Any CPU
		{DB7C2F17-27ED-4C54-96D5-676FB99E8F3F}.Release|Any CPU.ActiveCfg = Release|Any CPU
		{DB7C2F17-27ED-4C54-96D5-676FB99E8F3F}.Release|Any CPU.Build.0 = Release|Any CPU
		{3CE2DB44-2D6F-436E-BB5F-B92D5F84A70F}.Debug|Any CPU.ActiveCfg = Debug|Any CPU
		{3CE2DB44-2D6F-436E-BB5F-B92D5F84A70F}.Debug|Any CPU.Build.0 = Debug|Any CPU
		{3CE2DB44-2D6F-436E-BB5F-B92D5F84A70F}.Release|Any CPU.ActiveCfg = Release|Any CPU
		{3CE2DB44-2D6F-436E-BB5F-B92D5F84A70F}.Release|Any CPU.Build.0 = Release|Any CPU
		{A449F2B0-95E1-4F53-B286-1658038F07CF}.Debug|Any CPU.ActiveCfg = Debug|Any CPU
		{A449F2B0-95E1-4F53-B286-1658038F07CF}.Debug|Any CPU.Build.0 = Debug|Any CPU
		{A449F2B0-95E1-4F53-B286-1658038F07CF}.Release|Any CPU.ActiveCfg = Release|Any CPU
		{A449F2B0-95E1-4F53-B286-1658038F07CF}.Release|Any CPU.Build.0 = Release|Any CPU
		{B32567F0-1A52-4D41-BB51-8248370F9025}.Debug|Any CPU.ActiveCfg = Debug|Any CPU
		{B32567F0-1A52-4D41-BB51-8248370F9025}.Debug|Any CPU.Build.0 = Debug|Any CPU
		{B32567F0-1A52-4D41-BB51-8248370F9025}.Release|Any CPU.ActiveCfg = Release|Any CPU
		{B32567F0-1A52-4D41-BB51-8248370F9025}.Release|Any CPU.Build.0 = Release|Any CPU
		{D5C86555-EBD0-419A-9A56-5C45C10572DB}.Debug|Any CPU.ActiveCfg = Debug|Any CPU
		{D5C86555-EBD0-419A-9A56-5C45C10572DB}.Debug|Any CPU.Build.0 = Debug|Any CPU
		{D5C86555-EBD0-419A-9A56-5C45C10572DB}.Release|Any CPU.ActiveCfg = Release|Any CPU
		{D5C86555-EBD0-419A-9A56-5C45C10572DB}.Release|Any CPU.Build.0 = Release|Any CPU
		{EF0A7DB1-211F-4BC2-8C48-3E475D4828FD}.Debug|Any CPU.ActiveCfg = Debug|Any CPU
		{EF0A7DB1-211F-4BC2-8C48-3E475D4828FD}.Debug|Any CPU.Build.0 = Debug|Any CPU
		{EF0A7DB1-211F-4BC2-8C48-3E475D4828FD}.Release|Any CPU.ActiveCfg = Release|Any CPU
		{EF0A7DB1-211F-4BC2-8C48-3E475D4828FD}.Release|Any CPU.Build.0 = Release|Any CPU
		{CFBC222A-6178-4880-B4C8-B37D3A628EBD}.Debug|Any CPU.ActiveCfg = Debug|Any CPU
		{CFBC222A-6178-4880-B4C8-B37D3A628EBD}.Debug|Any CPU.Build.0 = Debug|Any CPU
		{CFBC222A-6178-4880-B4C8-B37D3A628EBD}.Release|Any CPU.ActiveCfg = Release|Any CPU
		{CFBC222A-6178-4880-B4C8-B37D3A628EBD}.Release|Any CPU.Build.0 = Release|Any CPU
		{AB144262-7618-4836-B145-D981A1B28F74}.Debug|Any CPU.ActiveCfg = Debug|Any CPU
		{AB144262-7618-4836-B145-D981A1B28F74}.Debug|Any CPU.Build.0 = Debug|Any CPU
		{AB144262-7618-4836-B145-D981A1B28F74}.Release|Any CPU.ActiveCfg = Release|Any CPU
		{AB144262-7618-4836-B145-D981A1B28F74}.Release|Any CPU.Build.0 = Release|Any CPU
		{112FDE0F-1F9F-4DF0-9141-EEDC793756D1}.Debug|Any CPU.ActiveCfg = Debug|Any CPU
		{112FDE0F-1F9F-4DF0-9141-EEDC793756D1}.Debug|Any CPU.Build.0 = Debug|Any CPU
		{112FDE0F-1F9F-4DF0-9141-EEDC793756D1}.Release|Any CPU.ActiveCfg = Release|Any CPU
		{112FDE0F-1F9F-4DF0-9141-EEDC793756D1}.Release|Any CPU.Build.0 = Release|Any CPU
		{5D9F196D-364B-4541-B1E8-55BA6D0E6F11}.Debug|Any CPU.ActiveCfg = Debug|Any CPU
		{5D9F196D-364B-4541-B1E8-55BA6D0E6F11}.Debug|Any CPU.Build.0 = Debug|Any CPU
		{5D9F196D-364B-4541-B1E8-55BA6D0E6F11}.Release|Any CPU.ActiveCfg = Release|Any CPU
		{5D9F196D-364B-4541-B1E8-55BA6D0E6F11}.Release|Any CPU.Build.0 = Release|Any CPU
		{0F2032F0-783A-4D1F-B955-E1DEB095A11B}.Debug|Any CPU.ActiveCfg = Debug|Any CPU
		{0F2032F0-783A-4D1F-B955-E1DEB095A11B}.Debug|Any CPU.Build.0 = Debug|Any CPU
		{0F2032F0-783A-4D1F-B955-E1DEB095A11B}.Release|Any CPU.ActiveCfg = Release|Any CPU
		{0F2032F0-783A-4D1F-B955-E1DEB095A11B}.Release|Any CPU.Build.0 = Release|Any CPU
		{AF791536-046A-42A3-BCC8-DEEAE7C55789}.Debug|Any CPU.ActiveCfg = Debug|Any CPU
		{AF791536-046A-42A3-BCC8-DEEAE7C55789}.Debug|Any CPU.Build.0 = Debug|Any CPU
		{AF791536-046A-42A3-BCC8-DEEAE7C55789}.Release|Any CPU.ActiveCfg = Release|Any CPU
		{AF791536-046A-42A3-BCC8-DEEAE7C55789}.Release|Any CPU.Build.0 = Release|Any CPU
		{FD00F07A-71DC-459D-A9B3-F6FD7343E566}.Debug|Any CPU.ActiveCfg = Debug|Any CPU
		{FD00F07A-71DC-459D-A9B3-F6FD7343E566}.Debug|Any CPU.Build.0 = Debug|Any CPU
		{FD00F07A-71DC-459D-A9B3-F6FD7343E566}.Release|Any CPU.ActiveCfg = Release|Any CPU
		{FD00F07A-71DC-459D-A9B3-F6FD7343E566}.Release|Any CPU.Build.0 = Release|Any CPU
		{DAB14ED6-9B00-4AC9-BF9E-D6D8D9027B09}.Debug|Any CPU.ActiveCfg = Debug|Any CPU
		{DAB14ED6-9B00-4AC9-BF9E-D6D8D9027B09}.Debug|Any CPU.Build.0 = Debug|Any CPU
		{DAB14ED6-9B00-4AC9-BF9E-D6D8D9027B09}.Release|Any CPU.ActiveCfg = Release|Any CPU
		{DAB14ED6-9B00-4AC9-BF9E-D6D8D9027B09}.Release|Any CPU.Build.0 = Release|Any CPU
		{6F52AE5D-9537-415E-9CFD-10240C5AAFEB}.Debug|Any CPU.ActiveCfg = Debug|Any CPU
		{6F52AE5D-9537-415E-9CFD-10240C5AAFEB}.Debug|Any CPU.Build.0 = Debug|Any CPU
		{6F52AE5D-9537-415E-9CFD-10240C5AAFEB}.Release|Any CPU.ActiveCfg = Release|Any CPU
		{6F52AE5D-9537-415E-9CFD-10240C5AAFEB}.Release|Any CPU.Build.0 = Release|Any CPU
	EndGlobalSection
	GlobalSection(SolutionProperties) = preSolution
		HideSolutionNode = FALSE
	EndGlobalSection
EndGlobal
